
Microsoft Visual Studio Solution File, Format Version 12.00
# Visual Studio Version 17
VisualStudioVersion = 17.10.34916.146
MinimumVisualStudioVersion = 10.0.40219.1
Project("{8BC9CEB8-8B4A-11D0-8D11-00A0C91BC942}") = "IronGalaxyGameEngine", "IronGalaxyGameEngine.vcxproj", "{89A4A5AE-3D8C-4F82-BAB3-E73A1A7FD1CC}"
EndProject
Project("{2150E333-8FDC-42A3-9474-1A3956D46DE8}") = "Games", "Games", "{4D1C10D8-1954-4C9B-AD83-42D18DDBA767}"
EndProject
Project("{2150E333-8FDC-42A3-9474-1A3956D46DE8}") = "Engine", "Engine", "{1DDB77DE-5BFF-456F-A444-472D3528343B}"
EndProject
Project("{8BC9CEB8-8B4A-11D0-8D11-00A0C91BC942}") = "BirdGame", "..\Games\BirdGame\BirdGame.vcxproj", "{8C03F7E7-6F60-4DA4-9642-466AB379FE68}"
EndProject
Global
	GlobalSection(SolutionConfigurationPlatforms) = preSolution
		Debug|x64 = Debug|x64
		Release|x64 = Release|x64
	EndGlobalSection
	GlobalSection(ProjectConfigurationPlatforms) = postSolution
		{89A4A5AE-3D8C-4F82-BAB3-E73A1A7FD1CC}.Debug|x64.ActiveCfg = Debug|x64
		{89A4A5AE-3D8C-4F82-BAB3-E73A1A7FD1CC}.Debug|x64.Build.0 = Debug|x64
		{89A4A5AE-3D8C-4F82-BAB3-E73A1A7FD1CC}.Release|x64.ActiveCfg = Release|x64
		{89A4A5AE-3D8C-4F82-BAB3-E73A1A7FD1CC}.Release|x64.Build.0 = Release|x64
		{8C03F7E7-6F60-4DA4-9642-466AB379FE68}.Debug|x64.ActiveCfg = Debug|x64
		{8C03F7E7-6F60-4DA4-9642-466AB379FE68}.Debug|x64.Build.0 = Debug|x64
		{8C03F7E7-6F60-4DA4-9642-466AB379FE68}.Release|x64.ActiveCfg = Release|x64
		{8C03F7E7-6F60-4DA4-9642-466AB379FE68}.Release|x64.Build.0 = Release|x64
	EndGlobalSection
	GlobalSection(SolutionProperties) = preSolution
		HideSolutionNode = FALSE
	EndGlobalSection
	GlobalSection(NestedProjects) = preSolution
		{89A4A5AE-3D8C-4F82-BAB3-E73A1A7FD1CC} = {1DDB77DE-5BFF-456F-A444-472D3528343B}
		{8C03F7E7-6F60-4DA4-9642-466AB379FE68} = {4D1C10D8-1954-4C9B-AD83-42D18DDBA767}
	EndGlobalSection
	GlobalSection(ExtensibilityGlobals) = postSolution
		SolutionGuid = {AB710FC4-03F6-4F30-A387-8759CCB3A346}
	EndGlobalSection
EndGlobal
